
Microsoft Visual Studio Solution File, Format Version 11.00
# Visual C++ Express 2010
Project("{8BC9CEB8-8B4A-11D0-8D11-00A0C91BC942}") = "mtlist", "mtlist.vcxproj", "{0AF24207-DC4E-4287-B28E-88E00E3AF058}"
EndProject
Global
	GlobalSection(SolutionConfigurationPlatforms) = preSolution
		Debug|Win32 = Debug|Win32
		Release|Win32 = Release|Win32
	EndGlobalSection
	GlobalSection(ProjectConfigurationPlatforms) = postSolution
		{0AF24207-DC4E-4287-B28E-88E00E3AF058}.Debug|Win32.ActiveCfg = Debug|Win32
		{0AF24207-DC4E-4287-B28E-88E00E3AF058}.Debug|Win32.Build.0 = Debug|Win32
		{0AF24207-DC4E-4287-B28E-88E00E3AF058}.Release|Win32.ActiveCfg = Release|Win32
		{0AF24207-DC4E-4287-B28E-88E00E3AF058}.Release|Win32.Build.0 = Release|Win32
	EndGlobalSection
	GlobalSection(SolutionProperties) = preSolution
		HideSolutionNode = FALSE
	EndGlobalSection
EndGlobal
